{
  "name": "maddy-dist",
  "version": "v0.7.0-2",
  "lockfileVersion": 3,
  "requires": true,
  "packages": {
    "": {
      "name": "maddy-dist",
      "version": "v0.7.0-2",
      "license": "MIT",
      "optionalDependencies": {
        "maddy-dist-darwin-arm64": "v0.7.0-2",
        "maddy-dist-darwin-x64": "v0.7.0-2",
        "maddy-dist-linux-arm64": "v0.7.0-2",
        "maddy-dist-linux-x64": "v0.7.0-2",
        "maddy-dist-win32-x64": "v0.7.0-2"
      }
    },
    "node_modules/maddy-dist-darwin-x64": {
      "version": "0.7.0-2",
      "resolved": "https://registry.npmjs.org/maddy-dist-darwin-x64/-/maddy-dist-darwin-x64-0.7.0-2.tgz",
      "integrity": "sha512-arrkyzTroHqH9STWeeGyslKoxjbbBnyLmlPVOZHH7VHQh/YoRm4Lf/a3kO2ATGANIEVxMxtFOg608aXCz0lccw==",
      "cpu": [
        "x64"
      ],
      "optional": true,
      "os": [
        "darwin"
      ],
      "bin": {
        "maddy-dist-darwin-x64": "maddy"
      }
    },
    "node_modules/maddy-dist-linux-arm64": {
      "version": "0.7.0-2",
      "resolved": "https://registry.npmjs.org/maddy-dist-linux-arm64/-/maddy-dist-linux-arm64-0.7.0-2.tgz",
      "integrity": "sha512-O8noxObMVu9420fteT5KTmK45MKnAvNZ9jX3Tgf0KVdmkAzscLx9WtiMnhaOiV4NJ7d2rZdq0ZiIDfZFpFzo8g==",
      "cpu": [
        "arm64"
      ],
      "optional": true,
      "os": [
        "linux"
      ],
      "bin": {
        "maddy-dist-linux-arm64": "maddy"
      }
    },
    "node_modules/maddy-dist-linux-x64": {
      "version": "0.7.0-2",
      "resolved": "https://registry.npmjs.org/maddy-dist-linux-x64/-/maddy-dist-linux-x64-0.7.0-2.tgz",
      "integrity": "sha512-auzSKRAwPJDXirT/62rTWGV+U5grUQphxs1rstmsTmjmvjQjUbpLPBIECGOoufExb7pmK5ZwNJ0H85Fsu55M8w==",
      "cpu": [
        "x64"
      ],
      "optional": true,
      "os": [
        "linux"
      ],
      "bin": {
        "maddy-dist-linux-x64": "maddy"
      }
    }
  }
}
