{
  "name": "maddy-dist",
  "version": "v0.7.1-5",
  "lockfileVersion": 3,
  "requires": true,
  "packages": {
    "": {
      "name": "maddy-dist",
      "version": "v0.7.1-5",
      "license": "MIT",
      "optionalDependencies": {
        "maddy-dist-darwin-arm64": "v0.7.1-5",
        "maddy-dist-darwin-x64": "v0.7.1-5",
        "maddy-dist-linux-arm64": "v0.7.1-5",
        "maddy-dist-linux-x64": "v0.7.1-5",
        "maddy-dist-win32-x64": "v0.7.1-5"
      }
    },
    "node_modules/maddy-dist-darwin-arm64": {
      "version": "0.7.1-5",
      "resolved": "https://registry.npmjs.org/maddy-dist-darwin-arm64/-/maddy-dist-darwin-arm64-0.7.1-5.tgz",
      "integrity": "sha512-m9joBerXlI5t7Q7+l5V4nZTpE02++HVsXYcZRXX1X51zTSja4tcY3W++R6drfc5UEiIVYldodqRG5diO4uMtcQ==",
      "cpu": [
        "arm64"
      ],
      "optional": true,
      "os": [
        "darwin"
      ],
      "bin": {
        "maddy-dist-darwin-arm64": "maddy"
      }
    },
    "node_modules/maddy-dist-darwin-x64": {
      "version": "0.7.1-5",
      "resolved": "https://registry.npmjs.org/maddy-dist-darwin-x64/-/maddy-dist-darwin-x64-0.7.1-5.tgz",
      "integrity": "sha512-xwxPrUoL8sV10VoRiwcnSyLn/hR+tT67tAZYL3t01rY1/GgoaQYT3eCucBTpMGrO2vVMOpMPuBVzQgFQKu+lzA==",
      "cpu": [
        "x64"
      ],
      "optional": true,
      "os": [
        "darwin"
      ],
      "bin": {
        "maddy-dist-darwin-x64": "maddy"
      }
    },
    "node_modules/maddy-dist-linux-arm64": {
      "version": "0.7.1-5",
      "resolved": "https://registry.npmjs.org/maddy-dist-linux-arm64/-/maddy-dist-linux-arm64-0.7.1-5.tgz",
      "integrity": "sha512-omqfFwMA8gbRnisRz2LNASAj4P6cECmjRtD831m2boYrjYfZ4GIgzcz0aQLSg1muEOGF9H9ZqUQmn1vy0fLiZw==",
      "cpu": [
        "arm64"
      ],
      "optional": true,
      "os": [
        "linux"
      ],
      "bin": {
        "maddy-dist-linux-arm64": "maddy"
      }
    },
    "node_modules/maddy-dist-linux-x64": {
      "version": "0.7.1-5",
      "resolved": "https://registry.npmjs.org/maddy-dist-linux-x64/-/maddy-dist-linux-x64-0.7.1-5.tgz",
      "integrity": "sha512-T0fSiC20NS9PcrznjjxQ9+KPtS+R7/Xg52ZapuXbhPPTje51iEL3J1tvhQtWBKgDO2FnPYEE5A4Z3/3SkFkbrQ==",
      "cpu": [
        "x64"
      ],
      "optional": true,
      "os": [
        "linux"
      ],
      "bin": {
        "maddy-dist-linux-x64": "maddy"
      }
    }
  }
}
