{
  "name": "maddy-dist",
  "version": "v0.7.1-4",
  "lockfileVersion": 3,
  "requires": true,
  "packages": {
    "": {
      "name": "maddy-dist",
      "version": "v0.7.1-4",
      "license": "MIT",
      "optionalDependencies": {
        "maddy-dist-darwin-arm64": "v0.7.1-4",
        "maddy-dist-darwin-x64": "v0.7.1-4",
        "maddy-dist-linux-arm64": "v0.7.1-4",
        "maddy-dist-linux-x64": "v0.7.1-4",
        "maddy-dist-win32-x64": "v0.7.1-4"
      }
    },
    "node_modules/maddy-dist-linux-x64": {
      "version": "0.7.1-4",
      "resolved": "https://registry.npmjs.org/maddy-dist-linux-x64/-/maddy-dist-linux-x64-0.7.1-4.tgz",
      "integrity": "sha512-lmKVMGyBlktHEPv5ChG9nSC2Y8o/eYCLa0Hab5276PWysA8f3tQVCDQgbuF6PVyIbVPT2GYysVHJRDjr3CatnA==",
      "cpu": [
        "x64"
      ],
      "optional": true,
      "os": [
        "linux"
      ],
      "bin": {
        "maddy-dist-linux-x64": "maddy"
      }
    }
  }
}
